# THIS IS AN AUTOGENERATED FILE. DO NOT EDIT THIS FILE DIRECTLY.
# yarn lockfile v1


is-npm@^6.1.0:
  version "6.1.0"
  resolved "https://registry.yarnpkg.com/is-npm/-/is-npm-6.1.0.tgz#f70e0b6c132dfc817ac97d3badc0134945b098d3"
  integrity sha512-O2z4/kNgyjhQwVR1Wpkbfc19JIhggF97NZNCpWTnjH7kVcZMUrnut9XSN7txI7VdyIYk5ZatOq3zvSuWpU8hoA==
